
Microsoft Visual Studio Solution File, Format Version 12.00
# Visual Studio Version 16
VisualStudioVersion = 16.0.30717.126
MinimumVisualStudioVersion = 10.0.40219.1
Project("{9A19103F-16F7-4668-BE54-9A1E7A4F7556}") = "TestConsoleApk", "TestConsoleApk\TestConsoleApk.csproj", "{1D96838A-4741-4C22-95A4-A54F5DA9812E}"
EndProject
Project("{9A19103F-16F7-4668-BE54-9A1E7A4F7556}") = "IDataLoaderAndHandlerLib", "..\DatoveZdrojeAHandlery\IDataLoaderAndHandlerLib\IDataLoaderAndHandlerLib\IDataLoaderAndHandlerLib.csproj", "{295D81E5-3F81-4644-B026-B54B0382D499}"
EndProject
Project("{9A19103F-16F7-4668-BE54-9A1E7A4F7556}") = "AgregaceDatLib", "..\AgregaceDatLib\AgregaceDatLib\AgregaceDatLib.csproj", "{7E114283-108C-44E1-90EF-61935C26E6C3}"
EndProject
Project("{9A19103F-16F7-4668-BE54-9A1E7A4F7556}") = "DLMedardLib", "..\DatoveZdrojeAHandlery\DataLoaders\DLMedardLib\DLMedardLib\DLMedardLib.csproj", "{46DE63A1-0288-4C1D-99BC-EBB7FDE7EB0A}"
EndProject
Project("{9A19103F-16F7-4668-BE54-9A1E7A4F7556}") = "DLOpenWeatherMapLib", "..\DatoveZdrojeAHandlery\DataLoaders\DLOpenWeatherMapLib\DLOpenWeatherMapLib\DLOpenWeatherMapLib.csproj", "{2B5E985C-8204-4F00-9E2C-9D52AB344380}"
EndProject
Project("{9A19103F-16F7-4668-BE54-9A1E7A4F7556}") = "DLRadarBourkyLib", "..\DatoveZdrojeAHandlery\DataLoaders\DLRadarBourkyLib\DLRadarBourkyLib\DLRadarBourkyLib.csproj", "{AF3A0B29-9238-4043-9216-B9E5104B42BE}"
EndProject
Project("{9A19103F-16F7-4668-BE54-9A1E7A4F7556}") = "DLWeatherUnlockedLib", "..\DatoveZdrojeAHandlery\DataLoaders\DLWeatherUnlockedLib\DLWeatherUnlockedLib\DLWeatherUnlockedLib.csproj", "{57A6DD24-9D92-46E8-90F1-D980D80F2749}"
EndProject
Project("{9A19103F-16F7-4668-BE54-9A1E7A4F7556}") = "DLYrNoLib", "..\DatoveZdrojeAHandlery\DataLoaders\DLYrNoLib\DLYrNoLib\DLYrNoLib.csproj", "{1BB7AEA1-8E22-4557-B41D-5511CA23CD4E}"
EndProject
Global
	GlobalSection(SolutionConfigurationPlatforms) = preSolution
		Debug|Any CPU = Debug|Any CPU
		Release|Any CPU = Release|Any CPU
	EndGlobalSection
	GlobalSection(ProjectConfigurationPlatforms) = postSolution
		{1D96838A-4741-4C22-95A4-A54F5DA9812E}.Debug|Any CPU.ActiveCfg = Debug|Any CPU
		{1D96838A-4741-4C22-95A4-A54F5DA9812E}.Debug|Any CPU.Build.0 = Debug|Any CPU
		{1D96838A-4741-4C22-95A4-A54F5DA9812E}.Release|Any CPU.ActiveCfg = Release|Any CPU
		{1D96838A-4741-4C22-95A4-A54F5DA9812E}.Release|Any CPU.Build.0 = Release|Any CPU
		{295D81E5-3F81-4644-B026-B54B0382D499}.Debug|Any CPU.ActiveCfg = Debug|Any CPU
		{295D81E5-3F81-4644-B026-B54B0382D499}.Debug|Any CPU.Build.0 = Debug|Any CPU
		{295D81E5-3F81-4644-B026-B54B0382D499}.Release|Any CPU.ActiveCfg = Release|Any CPU
		{295D81E5-3F81-4644-B026-B54B0382D499}.Release|Any CPU.Build.0 = Release|Any CPU
		{7E114283-108C-44E1-90EF-61935C26E6C3}.Debug|Any CPU.ActiveCfg = Debug|Any CPU
		{7E114283-108C-44E1-90EF-61935C26E6C3}.Debug|Any CPU.Build.0 = Debug|Any CPU
		{7E114283-108C-44E1-90EF-61935C26E6C3}.Release|Any CPU.ActiveCfg = Release|Any CPU
		{7E114283-108C-44E1-90EF-61935C26E6C3}.Release|Any CPU.Build.0 = Release|Any CPU
		{46DE63A1-0288-4C1D-99BC-EBB7FDE7EB0A}.Debug|Any CPU.ActiveCfg = Debug|Any CPU
		{46DE63A1-0288-4C1D-99BC-EBB7FDE7EB0A}.Debug|Any CPU.Build.0 = Debug|Any CPU
		{46DE63A1-0288-4C1D-99BC-EBB7FDE7EB0A}.Release|Any CPU.ActiveCfg = Release|Any CPU
		{46DE63A1-0288-4C1D-99BC-EBB7FDE7EB0A}.Release|Any CPU.Build.0 = Release|Any CPU
		{2B5E985C-8204-4F00-9E2C-9D52AB344380}.Debug|Any CPU.ActiveCfg = Debug|Any CPU
		{2B5E985C-8204-4F00-9E2C-9D52AB344380}.Debug|Any CPU.Build.0 = Debug|Any CPU
		{2B5E985C-8204-4F00-9E2C-9D52AB344380}.Release|Any CPU.ActiveCfg = Release|Any CPU
		{2B5E985C-8204-4F00-9E2C-9D52AB344380}.Release|Any CPU.Build.0 = Release|Any CPU
		{AF3A0B29-9238-4043-9216-B9E5104B42BE}.Debug|Any CPU.ActiveCfg = Debug|Any CPU
		{AF3A0B29-9238-4043-9216-B9E5104B42BE}.Debug|Any CPU.Build.0 = Debug|Any CPU
		{AF3A0B29-9238-4043-9216-B9E5104B42BE}.Release|Any CPU.ActiveCfg = Release|Any CPU
		{AF3A0B29-9238-4043-9216-B9E5104B42BE}.Release|Any CPU.Build.0 = Release|Any CPU
		{57A6DD24-9D92-46E8-90F1-D980D80F2749}.Debug|Any CPU.ActiveCfg = Debug|Any CPU
		{57A6DD24-9D92-46E8-90F1-D980D80F2749}.Debug|Any CPU.Build.0 = Debug|Any CPU
		{57A6DD24-9D92-46E8-90F1-D980D80F2749}.Release|Any CPU.ActiveCfg = Release|Any CPU
		{57A6DD24-9D92-46E8-90F1-D980D80F2749}.Release|Any CPU.Build.0 = Release|Any CPU
		{1BB7AEA1-8E22-4557-B41D-5511CA23CD4E}.Debug|Any CPU.ActiveCfg = Debug|Any CPU
		{1BB7AEA1-8E22-4557-B41D-5511CA23CD4E}.Debug|Any CPU.Build.0 = Debug|Any CPU
		{1BB7AEA1-8E22-4557-B41D-5511CA23CD4E}.Release|Any CPU.ActiveCfg = Release|Any CPU
		{1BB7AEA1-8E22-4557-B41D-5511CA23CD4E}.Release|Any CPU.Build.0 = Release|Any CPU
	EndGlobalSection
	GlobalSection(SolutionProperties) = preSolution
		HideSolutionNode = FALSE
	EndGlobalSection
	GlobalSection(ExtensibilityGlobals) = postSolution
		SolutionGuid = {162CFE25-0B33-47C0-B3CF-63B7F8758F4C}
	EndGlobalSection
EndGlobal
