
Microsoft Visual Studio Solution File, Format Version 12.00
# Visual Studio Version 16
VisualStudioVersion = 16.0.29215.179
MinimumVisualStudioVersion = 10.0.40219.1
Project("{FAE04EC0-301F-11D3-BF4B-00C04F79EFBC}") = "Agregace Dat", "Agregace Dat\Agregace Dat.csproj", "{14252DCE-1637-4B02-B4EE-84D53ECB6F6D}"
EndProject
Project("{FAE04EC0-301F-11D3-BF4B-00C04F79EFBC}") = "AgregaceDatLib", "AgregaceDatLib\AgregaceDatLib.csproj", "{4284B820-DF8A-4AED-BC36-E3C26B2B21A7}"
EndProject
Global
	GlobalSection(SolutionConfigurationPlatforms) = preSolution
		Debug|Any CPU = Debug|Any CPU
		Release|Any CPU = Release|Any CPU
	EndGlobalSection
	GlobalSection(ProjectConfigurationPlatforms) = postSolution
		{14252DCE-1637-4B02-B4EE-84D53ECB6F6D}.Debug|Any CPU.ActiveCfg = Debug|Any CPU
		{14252DCE-1637-4B02-B4EE-84D53ECB6F6D}.Debug|Any CPU.Build.0 = Debug|Any CPU
		{14252DCE-1637-4B02-B4EE-84D53ECB6F6D}.Release|Any CPU.ActiveCfg = Release|Any CPU
		{14252DCE-1637-4B02-B4EE-84D53ECB6F6D}.Release|Any CPU.Build.0 = Release|Any CPU
		{4284B820-DF8A-4AED-BC36-E3C26B2B21A7}.Debug|Any CPU.ActiveCfg = Debug|Any CPU
		{4284B820-DF8A-4AED-BC36-E3C26B2B21A7}.Debug|Any CPU.Build.0 = Debug|Any CPU
		{4284B820-DF8A-4AED-BC36-E3C26B2B21A7}.Release|Any CPU.ActiveCfg = Release|Any CPU
		{4284B820-DF8A-4AED-BC36-E3C26B2B21A7}.Release|Any CPU.Build.0 = Release|Any CPU
	EndGlobalSection
	GlobalSection(SolutionProperties) = preSolution
		HideSolutionNode = FALSE
	EndGlobalSection
	GlobalSection(ExtensibilityGlobals) = postSolution
		SolutionGuid = {8EC1CFE2-B325-4A0C-A280-697D0447AD31}
	EndGlobalSection
EndGlobal
