
Microsoft Visual Studio Solution File, Format Version 12.00
# Visual Studio Version 16
VisualStudioVersion = 16.0.29215.179
MinimumVisualStudioVersion = 10.0.40219.1
Project("{9A19103F-16F7-4668-BE54-9A1E7A4F7556}") = "Webova Sluzba", "Webova Sluzba\Webova Sluzba.csproj", "{7A6A54AC-41E7-4E02-BF38-93F0D561A6B2}"
EndProject
Project("{9A19103F-16F7-4668-BE54-9A1E7A4F7556}") = "AgregaceDatLib", "..\Agregace Dat\AgregaceDatLib\AgregaceDatLib\AgregaceDatLib.csproj", "{FF4D811C-4CBA-45AD-9812-8E624B570EE4}"
EndProject
Project("{9A19103F-16F7-4668-BE54-9A1E7A4F7556}") = "IDataLoaderAndHandlerLib", "..\Agregace Dat\DatoveZdrojeAHandlery\IDataLoaderAndHandlerLib\IDataLoaderAndHandlerLib\IDataLoaderAndHandlerLib.csproj", "{37316F3F-3373-45AA-A6C3-5B7B1A3A6438}"
EndProject
Global
	GlobalSection(SolutionConfigurationPlatforms) = preSolution
		Debug|Any CPU = Debug|Any CPU
		Release|Any CPU = Release|Any CPU
	EndGlobalSection
	GlobalSection(ProjectConfigurationPlatforms) = postSolution
		{7A6A54AC-41E7-4E02-BF38-93F0D561A6B2}.Debug|Any CPU.ActiveCfg = Debug|Any CPU
		{7A6A54AC-41E7-4E02-BF38-93F0D561A6B2}.Debug|Any CPU.Build.0 = Debug|Any CPU
		{7A6A54AC-41E7-4E02-BF38-93F0D561A6B2}.Release|Any CPU.ActiveCfg = Release|Any CPU
		{7A6A54AC-41E7-4E02-BF38-93F0D561A6B2}.Release|Any CPU.Build.0 = Release|Any CPU
		{FF4D811C-4CBA-45AD-9812-8E624B570EE4}.Debug|Any CPU.ActiveCfg = Debug|Any CPU
		{FF4D811C-4CBA-45AD-9812-8E624B570EE4}.Debug|Any CPU.Build.0 = Debug|Any CPU
		{FF4D811C-4CBA-45AD-9812-8E624B570EE4}.Release|Any CPU.ActiveCfg = Release|Any CPU
		{FF4D811C-4CBA-45AD-9812-8E624B570EE4}.Release|Any CPU.Build.0 = Release|Any CPU
		{37316F3F-3373-45AA-A6C3-5B7B1A3A6438}.Debug|Any CPU.ActiveCfg = Debug|Any CPU
		{37316F3F-3373-45AA-A6C3-5B7B1A3A6438}.Debug|Any CPU.Build.0 = Debug|Any CPU
		{37316F3F-3373-45AA-A6C3-5B7B1A3A6438}.Release|Any CPU.ActiveCfg = Release|Any CPU
		{37316F3F-3373-45AA-A6C3-5B7B1A3A6438}.Release|Any CPU.Build.0 = Release|Any CPU
	EndGlobalSection
	GlobalSection(SolutionProperties) = preSolution
		HideSolutionNode = FALSE
	EndGlobalSection
	GlobalSection(ExtensibilityGlobals) = postSolution
		SolutionGuid = {90C79FEE-9874-4166-AAFB-AAC64644489C}
	EndGlobalSection
EndGlobal
